// !$*UTF8*$!
{
	archiveVersion = 1;
	classes = {
	};
	objectVersion = 56;
	objects = {

/* Begin PBXBuildFile section */
		67E0CCC22BE892160062CA8A /* MorningTestGitApp.swift in Sources */ = {isa = PBXBuildFile; fileRef = 67E0CCC12BE892160062CA8A /* MorningTestGitApp.swift */; };
		67E0CCC42BE892160062CA8A /* ContentView.swift in Sources */ = {isa = PBXBuildFile; fileRef = 67E0CCC32BE892160062CA8A /* ContentView.swift */; };
		67E0CCC62BE892170062CA8A /* Assets.xcassets in Resources */ = {isa = PBXBuildFile; fileRef = 67E0CCC52BE892170062CA8A /* Assets.xcassets */; };
		67E0CCC92BE892170062CA8A /* Preview Assets.xcassets in Resources */ = {isa = PBXBuildFile; fileRef = 67E0CCC82BE892170062CA8A /* Preview Assets.xcassets */; };
		67E0CCD32BE892180062CA8A /* MorningTestGitTests.swift in Sources */ = {isa = PBXBuildFile; fileRef = 67E0CCD22BE892180062CA8A /* MorningTestGitTests.swift */; };
		67E0CCDD2BE892180062CA8A /* MorningTestGitUITests.swift in Sources */ = {isa = PBXBuildFile; fileRef = 67E0CCDC2BE892180062CA8A /* MorningTestGitUITests.swift */; };
		67E0CCDF2BE892180062CA8A /* MorningTestGitUITestsLaunchTests.swift in Sources */ = {isa = PBXBuildFile; fileRef = 67E0CCDE2BE892180062CA8A /* MorningTestGitUITestsLaunchTests.swift */; };
/* End PBXBuildFile section */

/* Begin PBXContainerItemProxy section */
		67E0CCCF2BE892180062CA8A /* PBXContainerItemProxy */ = {
			isa = PBXContainerItemProxy;
			containerPortal = 67E0CCB62BE892160062CA8A /* Project object */;
			proxyType = 1;
			remoteGlobalIDString = 67E0CCBD2BE892160062CA8A;
			remoteInfo = MorningTestGit;
		};
		67E0CCD92BE892180062CA8A /* PBXContainerItemProxy */ = {
			isa = PBXContainerItemProxy;
			containerPortal = 67E0CCB62BE892160062CA8A /* Project object */;
			proxyType = 1;
			remoteGlobalIDString = 67E0CCBD2BE892160062CA8A;
			remoteInfo = MorningTestGit;
		};
/* End PBXContainerItemProxy section */

/* Begin PBXFileReference section */
		67E0CCBE2BE892160062CA8A /* MorningTestGit.app */ = {isa = PBXFileReference; explicitFileType = wrapper.application; includeInIndex = 0; path = MorningTestGit.app; sourceTree = BUILT_PRODUCTS_DIR; };
		67E0CCC12BE892160062CA8A /* MorningTestGitApp.swift */ = {isa = PBXFileReference; lastKnownFileType = sourcecode.swift; path = MorningTestGitApp.swift; sourceTree = "<group>"; };
		67E0CCC32BE892160062CA8A /* ContentView.swift */ = {isa = PBXFileReference; lastKnownFileType = sourcecode.swift; path = ContentView.swift; sourceTree = "<group>"; };
		67E0CCC52BE892170062CA8A /* Assets.xcassets */ = {isa = PBXFileReference; lastKnownFileType = folder.assetcatalog; path = Assets.xcassets; sourceTree = "<group>"; };
		67E0CCC82BE892170062CA8A /* Preview Assets.xcassets */ = {isa = PBXFileReference; lastKnownFileType = folder.assetcatalog; path = "Preview Assets.xcassets"; sourceTree = "<group>"; };
		67E0CCCE2BE892180062CA8A /* MorningTestGitTests.xctest */ = {isa = PBXFileReference; explicitFileType = wrapper.cfbundle; includeInIndex = 0; path = MorningTestGitTests.xctest; sourceTree = BUILT_PRODUCTS_DIR; };
		67E0CCD22BE892180062CA8A /* MorningTestGitTests.swift */ = {isa = PBXFileReference; lastKnownFileType = sourcecode.swift; path = MorningTestGitTests.swift; sourceTree = "<group>"; };
		67E0CCD82BE892180062CA8A /* MorningTestGitUITests.xctest */ = {isa = PBXFileReference; explicitFileType = wrapper.cfbundle; includeInIndex = 0; path = MorningTestGitUITests.xctest; sourceTree = BUILT_PRODUCTS_DIR; };
		67E0CCDC2BE892180062CA8A /* MorningTestGitUITests.swift */ = {isa = PBXFileReference; lastKnownFileType = sourcecode.swift; path = MorningTestGitUITests.swift; sourceTree = "<group>"; };
		67E0CCDE2BE892180062CA8A /* MorningTestGitUITestsLaunchTests.swift */ = {isa = PBXFileReference; lastKnownFileType = sourcecode.swift; path = MorningTestGitUITestsLaunchTests.swift; sourceTree = "<group>"; };
/* End PBXFileReference section */

/* Begin PBXFrameworksBuildPhase section */
		67E0CCBB2BE892160062CA8A /* Frameworks */ = {
			isa = PBXFrameworksBuildPhase;
			buildActionMask = 2147483647;
			files = (
			);
			runOnlyForDeploymentPostprocessing = 0;
		};
		67E0CCCB2BE892180062CA8A /* Frameworks */ = {
			isa = PBXFrameworksBuildPhase;
			buildActionMask = 2147483647;
			files = (
			);
			runOnlyForDeploymentPostprocessing = 0;
		};
		67E0CCD52BE892180062CA8A /* Frameworks */ = {
			isa = PBXFrameworksBuildPhase;
			buildActionMask = 2147483647;
			files = (
			);
			runOnlyForDeploymentPostprocessing = 0;
		};
/* End PBXFrameworksBuildPhase section */

/* Begin PBXGroup section */
		67E0CCB52BE892160062CA8A = {
			isa = PBXGroup;
			children = (
				67E0CCC02BE892160062CA8A /* MorningTestGit */,
				67E0CCD12BE892180062CA8A /* MorningTestGitTests */,
				67E0CCDB2BE892180062CA8A /* MorningTestGitUITests */,
				67E0CCBF2BE892160062CA8A /* Products */,
			);
			sourceTree = "<group>";
		};
		67E0CCBF2BE892160062CA8A /* Products */ = {
			isa = PBXGroup;
			children = (
				67E0CCBE2BE892160062CA8A /* MorningTestGit.app */,
				67E0CCCE2BE892180062CA8A /* MorningTestGitTests.xctest */,
				67E0CCD82BE892180062CA8A /* MorningTestGitUITests.xctest */,
			);
			name = Products;
			sourceTree = "<group>";
		};
		67E0CCC02BE892160062CA8A /* MorningTestGit */ = {
			isa = PBXGroup;
			children = (
				67E0CCC12BE892160062CA8A /* MorningTestGitApp.swift */,
				67E0CCC32BE892160062CA8A /* ContentView.swift */,
				67E0CCC52BE892170062CA8A /* Assets.xcassets */,
				67E0CCC72BE892170062CA8A /* Preview Content */,
			);
			path = MorningTestGit;
			sourceTree = "<group>";
		};
		67E0CCC72BE892170062CA8A /* Preview Content */ = {
			isa = PBXGroup;
			children = (
				67E0CCC82BE892170062CA8A /* Preview Assets.xcassets */,
			);
			path = "Preview Content";
			sourceTree = "<group>";
		};
		67E0CCD12BE892180062CA8A /* MorningTestGitTests */ = {
			isa = PBXGroup;
			children = (
				67E0CCD22BE892180062CA8A /* MorningTestGitTests.swift */,
			);
			path = MorningTestGitTests;
			sourceTree = "<group>";
		};
		67E0CCDB2BE892180062CA8A /* MorningTestGitUITests */ = {
			isa = PBXGroup;
			children = (
				67E0CCDC2BE892180062CA8A /* MorningTestGitUITests.swift */,
				67E0CCDE2BE892180062CA8A /* MorningTestGitUITestsLaunchTests.swift */,
			);
			path = MorningTestGitUITests;
			sourceTree = "<group>";
		};
/* End PBXGroup section */

/* Begin PBXNativeTarget section */
		67E0CCBD2BE892160062CA8A /* MorningTestGit */ = {
			isa = PBXNativeTarget;
			buildConfigurationList = 67E0CCE22BE892180062CA8A /* Build configuration list for PBXNativeTarget "MorningTestGit" */;
			buildPhases = (
				67E0CCBA2BE892160062CA8A /* Sources */,
				67E0CCBB2BE892160062CA8A /* Frameworks */,
				67E0CCBC2BE892160062CA8A /* Resources */,
			);
			buildRules = (
			);
			dependencies = (
			);
			name = MorningTestGit;
			productName = MorningTestGit;
			productReference = 67E0CCBE2BE892160062CA8A /* MorningTestGit.app */;
			productType = "com.apple.product-type.application";
		};
		67E0CCCD2BE892180062CA8A /* MorningTestGitTests */ = {
			isa = PBXNativeTarget;
			buildConfigurationList = 67E0CCE52BE892180062CA8A /* Build configuration list for PBXNativeTarget "MorningTestGitTests" */;
			buildPhases = (
				67E0CCCA2BE892180062CA8A /* Sources */,
				67E0CCCB2BE892180062CA8A /* Frameworks */,
				67E0CCCC2BE892180062CA8A /* Resources */,
			);
			buildRules = (
			);
			dependencies = (
				67E0CCD02BE892180062CA8A /* PBXTargetDependency */,
			);
			name = MorningTestGitTests;
			productName = MorningTestGitTests;
			productReference = 67E0CCCE2BE892180062CA8A /* MorningTestGitTests.xctest */;
			productType = "com.apple.product-type.bundle.unit-test";
		};
		67E0CCD72BE892180062CA8A /* MorningTestGitUITests */ = {
			isa = PBXNativeTarget;
			buildConfigurationList = 67E0CCE82BE892180062CA8A /* Build configuration list for PBXNativeTarget "MorningTestGitUITests" */;
			buildPhases = (
				67E0CCD42BE892180062CA8A /* Sources */,
				67E0CCD52BE892180062CA8A /* Frameworks */,
				67E0CCD62BE892180062CA8A /* Resources */,
			);
			buildRules = (
			);
			dependencies = (
				67E0CCDA2BE892180062CA8A /* PBXTargetDependency */,
			);
			name = MorningTestGitUITests;
			productName = MorningTestGitUITests;
			productReference = 67E0CCD82BE892180062CA8A /* MorningTestGitUITests.xctest */;
			productType = "com.apple.product-type.bundle.ui-testing";
		};
/* End PBXNativeTarget section */

/* Begin PBXProject section */
		67E0CCB62BE892160062CA8A /* Project object */ = {
			isa = PBXProject;
			attributes = {
				BuildIndependentTargetsInParallel = 1;
				LastSwiftUpdateCheck = 1530;
				LastUpgradeCheck = 1530;
				TargetAttributes = {
					67E0CCBD2BE892160062CA8A = {
						CreatedOnToolsVersion = 15.3;
					};
					67E0CCCD2BE892180062CA8A = {
						CreatedOnToolsVersion = 15.3;
						TestTargetID = 67E0CCBD2BE892160062CA8A;
					};
					67E0CCD72BE892180062CA8A = {
						CreatedOnToolsVersion = 15.3;
						TestTargetID = 67E0CCBD2BE892160062CA8A;
					};
				};
			};
			buildConfigurationList = 67E0CCB92BE892160062CA8A /* Build configuration list for PBXProject "MorningTestGit" */;
			compatibilityVersion = "Xcode 14.0";
			developmentRegion = en;
			hasScannedForEncodings = 0;
			knownRegions = (
				en,
				Base,
			);
			mainGroup = 67E0CCB52BE892160062CA8A;
			productRefGroup = 67E0CCBF2BE892160062CA8A /* Products */;
			projectDirPath = "";
			projectRoot = "";
			targets = (
				67E0CCBD2BE892160062CA8A /* MorningTestGit */,
				67E0CCCD2BE892180062CA8A /* MorningTestGitTests */,
				67E0CCD72BE892180062CA8A /* MorningTestGitUITests */,
			);
		};
/* End PBXProject section */

/* Begin PBXResourcesBuildPhase section */
		67E0CCBC2BE892160062CA8A /* Resources */ = {
			isa = PBXResourcesBuildPhase;
			buildActionMask = 2147483647;
			files = (
				67E0CCC92BE892170062CA8A /* Preview Assets.xcassets in Resources */,
				67E0CCC62BE892170062CA8A /* Assets.xcassets in Resources */,
			);
			runOnlyForDeploymentPostprocessing = 0;
		};
		67E0CCCC2BE892180062CA8A /* Resources */ = {
			isa = PBXResourcesBuildPhase;
			buildActionMask = 2147483647;
			files = (
			);
			runOnlyForDeploymentPostprocessing = 0;
		};
		67E0CCD62BE892180062CA8A /* Resources */ = {
			isa = PBXResourcesBuildPhase;
			buildActionMask = 2147483647;
			files = (
			);
			runOnlyForDeploymentPostprocessing = 0;
		};
/* End PBXResourcesBuildPhase section */

/* Begin PBXSourcesBuildPhase section */
		67E0CCBA2BE892160062CA8A /* Sources */ = {
			isa = PBXSourcesBuildPhase;
			buildActionMask = 2147483647;
			files = (
				67E0CCC42BE892160062CA8A /* ContentView.swift in Sources */,
				67E0CCC22BE892160062CA8A /* MorningTestGitApp.swift in Sources */,
			);
			runOnlyForDeploymentPostprocessing = 0;
		};
		67E0CCCA2BE892180062CA8A /* Sources */ = {
			isa = PBXSourcesBuildPhase;
			buildActionMask = 2147483647;
			files = (
				67E0CCD32BE892180062CA8A /* MorningTestGitTests.swift in Sources */,
			);
			runOnlyForDeploymentPostprocessing = 0;
		};
		67E0CCD42BE892180062CA8A /* Sources */ = {
			isa = PBXSourcesBuildPhase;
			buildActionMask = 2147483647;
			files = (
				67E0CCDF2BE892180062CA8A /* MorningTestGitUITestsLaunchTests.swift in Sources */,
				67E0CCDD2BE892180062CA8A /* MorningTestGitUITests.swift in Sources */,
			);
			runOnlyForDeploymentPostprocessing = 0;
		};
/* End PBXSourcesBuildPhase section */

/* Begin PBXTargetDependency section */
		67E0CCD02BE892180062CA8A /* PBXTargetDependency */ = {
			isa = PBXTargetDependency;
			target = 67E0CCBD2BE892160062CA8A /* MorningTestGit */;
			targetProxy = 67E0CCCF2BE892180062CA8A /* PBXContainerItemProxy */;
		};
		67E0CCDA2BE892180062CA8A /* PBXTargetDependency */ = {
			isa = PBXTargetDependency;
			target = 67E0CCBD2BE892160062CA8A /* MorningTestGit */;
			targetProxy = 67E0CCD92BE892180062CA8A /* PBXContainerItemProxy */;
		};
/* End PBXTargetDependency section */

/* Begin XCBuildConfiguration section */
		67E0CCE02BE892180062CA8A /* Debug */ = {
			isa = XCBuildConfiguration;
			buildSettings = {
				ALWAYS_SEARCH_USER_PATHS = NO;
				ASSETCATALOG_COMPILER_GENERATE_SWIFT_ASSET_SYMBOL_EXTENSIONS = YES;
				CLANG_ANALYZER_NONNULL = YES;
				CLANG_ANALYZER_NUMBER_OBJECT_CONVERSION = YES_AGGRESSIVE;
				CLANG_CXX_LANGUAGE_STANDARD = "gnu++20";
				CLANG_ENABLE_MODULES = YES;
				CLANG_ENABLE_OBJC_ARC = YES;
				CLANG_ENABLE_OBJC_WEAK = YES;
				CLANG_WARN_BLOCK_CAPTURE_AUTORELEASING = YES;
				CLANG_WARN_BOOL_CONVERSION = YES;
				CLANG_WARN_COMMA = YES;
				CLANG_WARN_CONSTANT_CONVERSION = YES;
				CLANG_WARN_DEPRECATED_OBJC_IMPLEMENTATIONS = YES;
				CLANG_WARN_DIRECT_OBJC_ISA_USAGE = YES_ERROR;
				CLANG_WARN_DOCUMENTATION_COMMENTS = YES;
				CLANG_WARN_EMPTY_BODY = YES;
				CLANG_WARN_ENUM_CONVERSION = YES;
				CLANG_WARN_INFINITE_RECURSION = YES;
				CLANG_WARN_INT_CONVERSION = YES;
				CLANG_WARN_NON_LITERAL_NULL_CONVERSION = YES;
				CLANG_WARN_OBJC_IMPLICIT_RETAIN_SELF = YES;
				CLANG_WARN_OBJC_LITERAL_CONVERSION = YES;
				CLANG_WARN_OBJC_ROOT_CLASS = YES_ERROR;
				CLANG_WARN_QUOTED_INCLUDE_IN_FRAMEWORK_HEADER = YES;
				CLANG_WARN_RANGE_LOOP_ANALYSIS = YES;
				CLANG_WARN_STRICT_PROTOTYPES = YES;
				CLANG_WARN_SUSPICIOUS_MOVE = YES;
				CLANG_WARN_UNGUARDED_AVAILABILITY = YES_AGGRESSIVE;
				CLANG_WARN_UNREACHABLE_CODE = YES;
				CLANG_WARN__DUPLICATE_METHOD_MATCH = YES;
				COPY_PHASE_STRIP = NO;
				DEBUG_INFORMATION_FORMAT = dwarf;
				ENABLE_STRICT_OBJC_MSGSEND = YES;
				ENABLE_TESTABILITY = YES;
				ENABLE_USER_SCRIPT_SANDBOXING = YES;
				GCC_C_LANGUAGE_STANDARD = gnu17;
				GCC_DYNAMIC_NO_PIC = NO;
				GCC_NO_COMMON_BLOCKS = YES;
				GCC_OPTIMIZATION_LEVEL = 0;
				GCC_PREPROCESSOR_DEFINITIONS = (
					"DEBUG=1",
					"$(inherited)",
				);
				GCC_WARN_64_TO_32_BIT_CONVERSION = YES;
				GCC_WARN_ABOUT_RETURN_TYPE = YES_ERROR;
				GCC_WARN_UNDECLARED_SELECTOR = YES;
				GCC_WARN_UNINITIALIZED_AUTOS = YES_AGGRESSIVE;
				GCC_WARN_UNUSED_FUNCTION = YES;
				GCC_WARN_UNUSED_VARIABLE = YES;
				IPHONEOS_DEPLOYMENT_TARGET = 17.4;
				LOCALIZATION_PREFERS_STRING_CATALOGS = YES;
				MTL_ENABLE_DEBUG_INFO = INCLUDE_SOURCE;
				MTL_FAST_MATH = YES;
				ONLY_ACTIVE_ARCH = YES;
				SDKROOT = iphoneos;
				SWIFT_ACTIVE_COMPILATION_CONDITIONS = "DEBUG $(inherited)";
				SWIFT_OPTIMIZATION_LEVEL = "-Onone";
			};
			name = Debug;
		};
		67E0CCE12BE892180062CA8A /* Release */ = {
			isa = XCBuildConfiguration;
			buildSettings = {
				ALWAYS_SEARCH_USER_PATHS = NO;
				ASSETCATALOG_COMPILER_GENERATE_SWIFT_ASSET_SYMBOL_EXTENSIONS = YES;
				CLANG_ANALYZER_NONNULL = YES;
				CLANG_ANALYZER_NUMBER_OBJECT_CONVERSION = YES_AGGRESSIVE;
				CLANG_CXX_LANGUAGE_STANDARD = "gnu++20";
				CLANG_ENABLE_MODULES = YES;
				CLANG_ENABLE_OBJC_ARC = YES;
				CLANG_ENABLE_OBJC_WEAK = YES;
				CLANG_WARN_BLOCK_CAPTURE_AUTORELEASING = YES;
				CLANG_WARN_BOOL_CONVERSION = YES;
				CLANG_WARN_COMMA = YES;
				CLANG_WARN_CONSTANT_CONVERSION = YES;
				CLANG_WARN_DEPRECATED_OBJC_IMPLEMENTATIONS = YES;
				CLANG_WARN_DIRECT_OBJC_ISA_USAGE = YES_ERROR;
				CLANG_WARN_DOCUMENTATION_COMMENTS = YES;
				CLANG_WARN_EMPTY_BODY = YES;
				CLANG_WARN_ENUM_CONVERSION = YES;
				CLANG_WARN_INFINITE_RECURSION = YES;
				CLANG_WARN_INT_CONVERSION = YES;
				CLANG_WARN_NON_LITERAL_NULL_CONVERSION = YES;
				CLANG_WARN_OBJC_IMPLICIT_RETAIN_SELF = YES;
				CLANG_WARN_OBJC_LITERAL_CONVERSION = YES;
				CLANG_WARN_OBJC_ROOT_CLASS = YES_ERROR;
				CLANG_WARN_QUOTED_INCLUDE_IN_FRAMEWORK_HEADER = YES;
				CLANG_WARN_RANGE_LOOP_ANALYSIS = YES;
				CLANG_WARN_STRICT_PROTOTYPES = YES;
				CLANG_WARN_SUSPICIOUS_MOVE = YES;
				CLANG_WARN_UNGUARDED_AVAILABILITY = YES_AGGRESSIVE;
				CLANG_WARN_UNREACHABLE_CODE = YES;
				CLANG_WARN__DUPLICATE_METHOD_MATCH = YES;
				COPY_PHASE_STRIP = NO;
				DEBUG_INFORMATION_FORMAT = "dwarf-with-dsym";
				ENABLE_NS_ASSERTIONS = NO;
				ENABLE_STRICT_OBJC_MSGSEND = YES;
				ENABLE_USER_SCRIPT_SANDBOXING = YES;
				GCC_C_LANGUAGE_STANDARD = gnu17;
				GCC_NO_COMMON_BLOCKS = YES;
				GCC_WARN_64_TO_32_BIT_CONVERSION = YES;
				GCC_WARN_ABOUT_RETURN_TYPE = YES_ERROR;
				GCC_WARN_UNDECLARED_SELECTOR = YES;
				GCC_WARN_UNINITIALIZED_AUTOS = YES_AGGRESSIVE;
				GCC_WARN_UNUSED_FUNCTION = YES;
				GCC_WARN_UNUSED_VARIABLE = YES;
				IPHONEOS_DEPLOYMENT_TARGET = 17.4;
				LOCALIZATION_PREFERS_STRING_CATALOGS = YES;
				MTL_ENABLE_DEBUG_INFO = NO;
				MTL_FAST_MATH = YES;
				SDKROOT = iphoneos;
				SWIFT_COMPILATION_MODE = wholemodule;
				VALIDATE_PRODUCT = YES;
			};
			name = Release;
		};
		67E0CCE32BE892180062CA8A /* Debug */ = {
			isa = XCBuildConfiguration;
			buildSettings = {
				ASSETCATALOG_COMPILER_APPICON_NAME = AppIcon;
				ASSETCATALOG_COMPILER_GLOBAL_ACCENT_COLOR_NAME = AccentColor;
				CODE_SIGN_STYLE = Automatic;
				CURRENT_PROJECT_VERSION = 1;
				DEVELOPMENT_ASSET_PATHS = "\"MorningTestGit/Preview Content\"";
				DEVELOPMENT_TEAM = 6K8Z3XG69D;
				ENABLE_PREVIEWS = YES;
				GENERATE_INFOPLIST_FILE = YES;
				INFOPLIST_KEY_UIApplicationSceneManifest_Generation = YES;
				INFOPLIST_KEY_UIApplicationSupportsIndirectInputEvents = YES;
				INFOPLIST_KEY_UILaunchScreen_Generation = YES;
				INFOPLIST_KEY_UISupportedInterfaceOrientations_iPad = "UIInterfaceOrientationPortrait UIInterfaceOrientationPortraitUpsideDown UIInterfaceOrientationLandscapeLeft UIInterfaceOrientationLandscapeRight";
				INFOPLIST_KEY_UISupportedInterfaceOrientations_iPhone = "UIInterfaceOrientationPortrait UIInterfaceOrientationLandscapeLeft UIInterfaceOrientationLandscapeRight";
				LD_RUNPATH_SEARCH_PATHS = (
					"$(inherited)",
					"@executable_path/Frameworks",
				);
				MARKETING_VERSION = 1.0;
				PRODUCT_BUNDLE_IDENTIFIER = com.farid.MorningTestGit;
				PRODUCT_NAME = "$(TARGET_NAME)";
				SWIFT_EMIT_LOC_STRINGS = YES;
				SWIFT_VERSION = 5.0;
				TARGETED_DEVICE_FAMILY = "1,2";
			};
			name = Debug;
		};
		67E0CCE42BE892180062CA8A /* Release */ = {
			isa = XCBuildConfiguration;
			buildSettings = {
				ASSETCATALOG_COMPILER_APPICON_NAME = AppIcon;
				ASSETCATALOG_COMPILER_GLOBAL_ACCENT_COLOR_NAME = AccentColor;
				CODE_SIGN_STYLE = Automatic;
				CURRENT_PROJECT_VERSION = 1;
				DEVELOPMENT_ASSET_PATHS = "\"MorningTestGit/Preview Content\"";
				DEVELOPMENT_TEAM = 6K8Z3XG69D;
				ENABLE_PREVIEWS = YES;
				GENERATE_INFOPLIST_FILE = YES;
				INFOPLIST_KEY_UIApplicationSceneManifest_Generation = YES;
				INFOPLIST_KEY_UIApplicationSupportsIndirectInputEvents = YES;
				INFOPLIST_KEY_UILaunchScreen_Generation = YES;
				INFOPLIST_KEY_UISupportedInterfaceOrientations_iPad = "UIInterfaceOrientationPortrait UIInterfaceOrientationPortraitUpsideDown UIInterfaceOrientationLandscapeLeft UIInterfaceOrientationLandscapeRight";
				INFOPLIST_KEY_UISupportedInterfaceOrientations_iPhone = "UIInterfaceOrientationPortrait UIInterfaceOrientationLandscapeLeft UIInterfaceOrientationLandscapeRight";
				LD_RUNPATH_SEARCH_PATHS = (
					"$(inherited)",
					"@executable_path/Frameworks",
				);
				MARKETING_VERSION = 1.0;
				PRODUCT_BUNDLE_IDENTIFIER = com.farid.MorningTestGit;
				PRODUCT_NAME = "$(TARGET_NAME)";
				SWIFT_EMIT_LOC_STRINGS = YES;
				SWIFT_VERSION = 5.0;
				TARGETED_DEVICE_FAMILY = "1,2";
			};
			name = Release;
		};
		67E0CCE62BE892180062CA8A /* Debug */ = {
			isa = XCBuildConfiguration;
			buildSettings = {
				ALWAYS_EMBED_SWIFT_STANDARD_LIBRARIES = YES;
				BUNDLE_LOADER = "$(TEST_HOST)";
				CODE_SIGN_STYLE = Automatic;
				CURRENT_PROJECT_VERSION = 1;
				DEVELOPMENT_TEAM = 6K8Z3XG69D;
				GENERATE_INFOPLIST_FILE = YES;
				IPHONEOS_DEPLOYMENT_TARGET = 17.4;
				MARKETING_VERSION = 1.0;
				PRODUCT_BUNDLE_IDENTIFIER = com.farid.MorningTestGitTests;
				PRODUCT_NAME = "$(TARGET_NAME)";
				SWIFT_EMIT_LOC_STRINGS = NO;
				SWIFT_VERSION = 5.0;
				TARGETED_DEVICE_FAMILY = "1,2";
				TEST_HOST = "$(BUILT_PRODUCTS_DIR)/MorningTestGit.app/$(BUNDLE_EXECUTABLE_FOLDER_PATH)/MorningTestGit";
			};
			name = Debug;
		};
		67E0CCE72BE892180062CA8A /* Release */ = {
			isa = XCBuildConfiguration;
			buildSettings = {
				ALWAYS_EMBED_SWIFT_STANDARD_LIBRARIES = YES;
				BUNDLE_LOADER = "$(TEST_HOST)";
				CODE_SIGN_STYLE = Automatic;
				CURRENT_PROJECT_VERSION = 1;
				DEVELOPMENT_TEAM = 6K8Z3XG69D;
				GENERATE_INFOPLIST_FILE = YES;
				IPHONEOS_DEPLOYMENT_TARGET = 17.4;
				MARKETING_VERSION = 1.0;
				PRODUCT_BUNDLE_IDENTIFIER = com.farid.MorningTestGitTests;
				PRODUCT_NAME = "$(TARGET_NAME)";
				SWIFT_EMIT_LOC_STRINGS = NO;
				SWIFT_VERSION = 5.0;
				TARGETED_DEVICE_FAMILY = "1,2";
				TEST_HOST = "$(BUILT_PRODUCTS_DIR)/MorningTestGit.app/$(BUNDLE_EXECUTABLE_FOLDER_PATH)/MorningTestGit";
			};
			name = Release;
		};
		67E0CCE92BE892180062CA8A /* Debug */ = {
			isa = XCBuildConfiguration;
			buildSettings = {
				ALWAYS_EMBED_SWIFT_STANDARD_LIBRARIES = YES;
				CODE_SIGN_STYLE = Automatic;
				CURRENT_PROJECT_VERSION = 1;
				DEVELOPMENT_TEAM = 6K8Z3XG69D;
				GENERATE_INFOPLIST_FILE = YES;
				MARKETING_VERSION = 1.0;
				PRODUCT_BUNDLE_IDENTIFIER = com.farid.MorningTestGitUITests;
				PRODUCT_NAME = "$(TARGET_NAME)";
				SWIFT_EMIT_LOC_STRINGS = NO;
				SWIFT_VERSION = 5.0;
				TARGETED_DEVICE_FAMILY = "1,2";
				TEST_TARGET_NAME = MorningTestGit;
			};
			name = Debug;
		};
		67E0CCEA2BE892180062CA8A /* Release */ = {
			isa = XCBuildConfiguration;
			buildSettings = {
				ALWAYS_EMBED_SWIFT_STANDARD_LIBRARIES = YES;
				CODE_SIGN_STYLE = Automatic;
				CURRENT_PROJECT_VERSION = 1;
				DEVELOPMENT_TEAM = 6K8Z3XG69D;
				GENERATE_INFOPLIST_FILE = YES;
				MARKETING_VERSION = 1.0;
				PRODUCT_BUNDLE_IDENTIFIER = com.farid.MorningTestGitUITests;
				PRODUCT_NAME = "$(TARGET_NAME)";
				SWIFT_EMIT_LOC_STRINGS = NO;
				SWIFT_VERSION = 5.0;
				TARGETED_DEVICE_FAMILY = "1,2";
				TEST_TARGET_NAME = MorningTestGit;
			};
			name = Release;
		};
/* End XCBuildConfiguration section */

/* Begin XCConfigurationList section */
		67E0CCB92BE892160062CA8A /* Build configuration list for PBXProject "MorningTestGit" */ = {
			isa = XCConfigurationList;
			buildConfigurations = (
				67E0CCE02BE892180062CA8A /* Debug */,
				67E0CCE12BE892180062CA8A /* Release */,
			);
			defaultConfigurationIsVisible = 0;
			defaultConfigurationName = Release;
		};
		67E0CCE22BE892180062CA8A /* Build configuration list for PBXNativeTarget "MorningTestGit" */ = {
			isa = XCConfigurationList;
			buildConfigurations = (
				67E0CCE32BE892180062CA8A /* Debug */,
				67E0CCE42BE892180062CA8A /* Release */,
			);
			defaultConfigurationIsVisible = 0;
			defaultConfigurationName = Release;
		};
		67E0CCE52BE892180062CA8A /* Build configuration list for PBXNativeTarget "MorningTestGitTests" */ = {
			isa = XCConfigurationList;
			buildConfigurations = (
				67E0CCE62BE892180062CA8A /* Debug */,
				67E0CCE72BE892180062CA8A /* Release */,
			);
			defaultConfigurationIsVisible = 0;
			defaultConfigurationName = Release;
		};
		67E0CCE82BE892180062CA8A /* Build configuration list for PBXNativeTarget "MorningTestGitUITests" */ = {
			isa = XCConfigurationList;
			buildConfigurations = (
				67E0CCE92BE892180062CA8A /* Debug */,
				67E0CCEA2BE892180062CA8A /* Release */,
			);
			defaultConfigurationIsVisible = 0;
			defaultConfigurationName = Release;
		};
/* End XCConfigurationList section */
	};
	rootObject = 67E0CCB62BE892160062CA8A /* Project object */;
}
